// !$*UTF8*$!
{
	archiveVersion = 1;
	classes = {
	};
	objectVersion = 50;
	objects = {

/* Begin PBXBuildFile section */
		750BD8312431CB2A004769AF /* AppDelegate.swift in Sources */ = {isa = PBXBuildFile; fileRef = 750BD8302431CB2A004769AF /* AppDelegate.swift */; };
		750BD8332431CB2A004769AF /* SceneDelegate.swift in Sources */ = {isa = PBXBuildFile; fileRef = 750BD8322431CB2A004769AF /* SceneDelegate.swift */; };
		750BD8352431CB2A004769AF /* ViewController.swift in Sources */ = {isa = PBXBuildFile; fileRef = 750BD8342431CB2A004769AF /* ViewController.swift */; };
		750BD8382431CB2A004769AF /* Main.storyboard in Resources */ = {isa = PBXBuildFile; fileRef = 750BD8362431CB2A004769AF /* Main.storyboard */; };
		750BD83A2431CB2E004769AF /* Assets.xcassets in Resources */ = {isa = PBXBuildFile; fileRef = 750BD8392431CB2E004769AF /* Assets.xcassets */; };
		750BD83D2431CB2E004769AF /* LaunchScreen.storyboard in Resources */ = {isa = PBXBuildFile; fileRef = 750BD83B2431CB2E004769AF /* LaunchScreen.storyboard */; };
		750BD8452431CBBB004769AF /* MonthYearViewController.swift in Sources */ = {isa = PBXBuildFile; fileRef = 750BD8442431CBBB004769AF /* MonthYearViewController.swift */; };
		750BD8492431F7AB004769AF /* CustomUIPicker.swift in Sources */ = {isa = PBXBuildFile; fileRef = 750BD8482431F7AB004769AF /* CustomUIPicker.swift */; };
		750BD84C2431F8C3004769AF /* ExampleTransitioningDelegate.swift in Sources */ = {isa = PBXBuildFile; fileRef = 750BD84B2431F8C3004769AF /* ExampleTransitioningDelegate.swift */; };
		750BD84E2431F917004769AF /* ExampleAnimatedTransitioning.swift in Sources */ = {isa = PBXBuildFile; fileRef = 750BD84D2431F917004769AF /* ExampleAnimatedTransitioning.swift */; };
		750BD8502431FC78004769AF /* CustomPresentationViewController.swift in Sources */ = {isa = PBXBuildFile; fileRef = 750BD84F2431FC78004769AF /* CustomPresentationViewController.swift */; };
		750BD8522431FE27004769AF /* PickerViewController.swift in Sources */ = {isa = PBXBuildFile; fileRef = 750BD8512431FE27004769AF /* PickerViewController.swift */; };
		750BD8542431FFAE004769AF /* ExamplePresentationController.swift in Sources */ = {isa = PBXBuildFile; fileRef = 750BD8532431FFAE004769AF /* ExamplePresentationController.swift */; };
/* End PBXBuildFile section */

/* Begin PBXFileReference section */
		750BD82D2431CB2A004769AF /* TestMonthYearPicker.app */ = {isa = PBXFileReference; explicitFileType = wrapper.application; includeInIndex = 0; path = TestMonthYearPicker.app; sourceTree = BUILT_PRODUCTS_DIR; };
		750BD8302431CB2A004769AF /* AppDelegate.swift */ = {isa = PBXFileReference; lastKnownFileType = sourcecode.swift; path = AppDelegate.swift; sourceTree = "<group>"; };
		750BD8322431CB2A004769AF /* SceneDelegate.swift */ = {isa = PBXFileReference; lastKnownFileType = sourcecode.swift; path = SceneDelegate.swift; sourceTree = "<group>"; };
		750BD8342431CB2A004769AF /* ViewController.swift */ = {isa = PBXFileReference; lastKnownFileType = sourcecode.swift; path = ViewController.swift; sourceTree = "<group>"; };
		750BD8372431CB2A004769AF /* Base */ = {isa = PBXFileReference; lastKnownFileType = file.storyboard; name = Base; path = Base.lproj/Main.storyboard; sourceTree = "<group>"; };
		750BD8392431CB2E004769AF /* Assets.xcassets */ = {isa = PBXFileReference; lastKnownFileType = folder.assetcatalog; path = Assets.xcassets; sourceTree = "<group>"; };
		750BD83C2431CB2E004769AF /* Base */ = {isa = PBXFileReference; lastKnownFileType = file.storyboard; name = Base; path = Base.lproj/LaunchScreen.storyboard; sourceTree = "<group>"; };
		750BD83E2431CB2E004769AF /* Info.plist */ = {isa = PBXFileReference; lastKnownFileType = text.plist.xml; path = Info.plist; sourceTree = "<group>"; };
		750BD8442431CBBB004769AF /* MonthYearViewController.swift */ = {isa = PBXFileReference; lastKnownFileType = sourcecode.swift; path = MonthYearViewController.swift; sourceTree = "<group>"; };
		750BD8482431F7AB004769AF /* CustomUIPicker.swift */ = {isa = PBXFileReference; lastKnownFileType = sourcecode.swift; path = CustomUIPicker.swift; sourceTree = "<group>"; };
		750BD84B2431F8C3004769AF /* ExampleTransitioningDelegate.swift */ = {isa = PBXFileReference; lastKnownFileType = sourcecode.swift; path = ExampleTransitioningDelegate.swift; sourceTree = "<group>"; };
		750BD84D2431F917004769AF /* ExampleAnimatedTransitioning.swift */ = {isa = PBXFileReference; lastKnownFileType = sourcecode.swift; path = ExampleAnimatedTransitioning.swift; sourceTree = "<group>"; };
		750BD84F2431FC78004769AF /* CustomPresentationViewController.swift */ = {isa = PBXFileReference; lastKnownFileType = sourcecode.swift; path = CustomPresentationViewController.swift; sourceTree = "<group>"; };
		750BD8512431FE27004769AF /* PickerViewController.swift */ = {isa = PBXFileReference; lastKnownFileType = sourcecode.swift; path = PickerViewController.swift; sourceTree = "<group>"; };
		750BD8532431FFAE004769AF /* ExamplePresentationController.swift */ = {isa = PBXFileReference; lastKnownFileType = sourcecode.swift; path = ExamplePresentationController.swift; sourceTree = "<group>"; };
/* End PBXFileReference section */

/* Begin PBXFrameworksBuildPhase section */
		750BD82A2431CB2A004769AF /* Frameworks */ = {
			isa = PBXFrameworksBuildPhase;
			buildActionMask = 2147483647;
			files = (
			);
			runOnlyForDeploymentPostprocessing = 0;
		};
/* End PBXFrameworksBuildPhase section */

/* Begin PBXGroup section */
		750BD8242431CB2A004769AF = {
			isa = PBXGroup;
			children = (
				750BD82F2431CB2A004769AF /* TestMonthYearPicker */,
				750BD82E2431CB2A004769AF /* Products */,
			);
			sourceTree = "<group>";
		};
		750BD82E2431CB2A004769AF /* Products */ = {
			isa = PBXGroup;
			children = (
				750BD82D2431CB2A004769AF /* TestMonthYearPicker.app */,
			);
			name = Products;
			sourceTree = "<group>";
		};
		750BD82F2431CB2A004769AF /* TestMonthYearPicker */ = {
			isa = PBXGroup;
			children = (
				750BD84A2431F8AD004769AF /* Example */,
				750BD8302431CB2A004769AF /* AppDelegate.swift */,
				750BD8322431CB2A004769AF /* SceneDelegate.swift */,
				750BD8342431CB2A004769AF /* ViewController.swift */,
				750BD8362431CB2A004769AF /* Main.storyboard */,
				750BD8392431CB2E004769AF /* Assets.xcassets */,
				750BD83B2431CB2E004769AF /* LaunchScreen.storyboard */,
				750BD83E2431CB2E004769AF /* Info.plist */,
				750BD8442431CBBB004769AF /* MonthYearViewController.swift */,
				750BD8482431F7AB004769AF /* CustomUIPicker.swift */,
			);
			path = TestMonthYearPicker;
			sourceTree = "<group>";
		};
		750BD84A2431F8AD004769AF /* Example */ = {
			isa = PBXGroup;
			children = (
				750BD84F2431FC78004769AF /* CustomPresentationViewController.swift */,
				750BD8512431FE27004769AF /* PickerViewController.swift */,
				750BD8532431FFAE004769AF /* ExamplePresentationController.swift */,
				750BD84B2431F8C3004769AF /* ExampleTransitioningDelegate.swift */,
				750BD84D2431F917004769AF /* ExampleAnimatedTransitioning.swift */,
			);
			path = Example;
			sourceTree = "<group>";
		};
/* End PBXGroup section */

/* Begin PBXNativeTarget section */
		750BD82C2431CB2A004769AF /* TestMonthYearPicker */ = {
			isa = PBXNativeTarget;
			buildConfigurationList = 750BD8412431CB2E004769AF /* Build configuration list for PBXNativeTarget "TestMonthYearPicker" */;
			buildPhases = (
				750BD8292431CB2A004769AF /* Sources */,
				750BD82A2431CB2A004769AF /* Frameworks */,
				750BD82B2431CB2A004769AF /* Resources */,
			);
			buildRules = (
			);
			dependencies = (
			);
			name = TestMonthYearPicker;
			productName = TestMonthYearPicker;
			productReference = 750BD82D2431CB2A004769AF /* TestMonthYearPicker.app */;
			productType = "com.apple.product-type.application";
		};
/* End PBXNativeTarget section */

/* Begin PBXProject section */
		750BD8252431CB2A004769AF /* Project object */ = {
			isa = PBXProject;
			attributes = {
				LastSwiftUpdateCheck = 1140;
				LastUpgradeCheck = 1140;
				ORGANIZATIONNAME = Kavisha;
				TargetAttributes = {
					750BD82C2431CB2A004769AF = {
						CreatedOnToolsVersion = 11.4;
					};
				};
			};
			buildConfigurationList = 750BD8282431CB2A004769AF /* Build configuration list for PBXProject "TestMonthYearPicker" */;
			compatibilityVersion = "Xcode 9.3";
			developmentRegion = en;
			hasScannedForEncodings = 0;
			knownRegions = (
				en,
				Base,
			);
			mainGroup = 750BD8242431CB2A004769AF;
			productRefGroup = 750BD82E2431CB2A004769AF /* Products */;
			projectDirPath = "";
			projectRoot = "";
			targets = (
				750BD82C2431CB2A004769AF /* TestMonthYearPicker */,
			);
		};
/* End PBXProject section */

/* Begin PBXResourcesBuildPhase section */
		750BD82B2431CB2A004769AF /* Resources */ = {
			isa = PBXResourcesBuildPhase;
			buildActionMask = 2147483647;
			files = (
				750BD83D2431CB2E004769AF /* LaunchScreen.storyboard in Resources */,
				750BD83A2431CB2E004769AF /* Assets.xcassets in Resources */,
				750BD8382431CB2A004769AF /* Main.storyboard in Resources */,
			);
			runOnlyForDeploymentPostprocessing = 0;
		};
/* End PBXResourcesBuildPhase section */

/* Begin PBXSourcesBuildPhase section */
		750BD8292431CB2A004769AF /* Sources */ = {
			isa = PBXSourcesBuildPhase;
			buildActionMask = 2147483647;
			files = (
				750BD8522431FE27004769AF /* PickerViewController.swift in Sources */,
				750BD8352431CB2A004769AF /* ViewController.swift in Sources */,
				750BD8502431FC78004769AF /* CustomPresentationViewController.swift in Sources */,
				750BD8542431FFAE004769AF /* ExamplePresentationController.swift in Sources */,
				750BD84E2431F917004769AF /* ExampleAnimatedTransitioning.swift in Sources */,
				750BD8312431CB2A004769AF /* AppDelegate.swift in Sources */,
				750BD84C2431F8C3004769AF /* ExampleTransitioningDelegate.swift in Sources */,
				750BD8452431CBBB004769AF /* MonthYearViewController.swift in Sources */,
				750BD8492431F7AB004769AF /* CustomUIPicker.swift in Sources */,
				750BD8332431CB2A004769AF /* SceneDelegate.swift in Sources */,
			);
			runOnlyForDeploymentPostprocessing = 0;
		};
/* End PBXSourcesBuildPhase section */

/* Begin PBXVariantGroup section */
		750BD8362431CB2A004769AF /* Main.storyboard */ = {
			isa = PBXVariantGroup;
			children = (
				750BD8372431CB2A004769AF /* Base */,
			);
			name = Main.storyboard;
			sourceTree = "<group>";
		};
		750BD83B2431CB2E004769AF /* LaunchScreen.storyboard */ = {
			isa = PBXVariantGroup;
			children = (
				750BD83C2431CB2E004769AF /* Base */,
			);
			name = LaunchScreen.storyboard;
			sourceTree = "<group>";
		};
/* End PBXVariantGroup section */

/* Begin XCBuildConfiguration section */
		750BD83F2431CB2E004769AF /* Debug */ = {
			isa = XCBuildConfiguration;
			buildSettings = {
				ALWAYS_SEARCH_USER_PATHS = NO;
				CLANG_ANALYZER_NONNULL = YES;
				CLANG_ANALYZER_NUMBER_OBJECT_CONVERSION = YES_AGGRESSIVE;
				CLANG_CXX_LANGUAGE_STANDARD = "gnu++14";
				CLANG_CXX_LIBRARY = "libc++";
				CLANG_ENABLE_MODULES = YES;
				CLANG_ENABLE_OBJC_ARC = YES;
				CLANG_ENABLE_OBJC_WEAK = YES;
				CLANG_WARN_BLOCK_CAPTURE_AUTORELEASING = YES;
				CLANG_WARN_BOOL_CONVERSION = YES;
				CLANG_WARN_COMMA = YES;
				CLANG_WARN_CONSTANT_CONVERSION = YES;
				CLANG_WARN_DEPRECATED_OBJC_IMPLEMENTATIONS = YES;
				CLANG_WARN_DIRECT_OBJC_ISA_USAGE = YES_ERROR;
				CLANG_WARN_DOCUMENTATION_COMMENTS = YES;
				CLANG_WARN_EMPTY_BODY = YES;
				CLANG_WARN_ENUM_CONVERSION = YES;
				CLANG_WARN_INFINITE_RECURSION = YES;
				CLANG_WARN_INT_CONVERSION = YES;
				CLANG_WARN_NON_LITERAL_NULL_CONVERSION = YES;
				CLANG_WARN_OBJC_IMPLICIT_RETAIN_SELF = YES;
				CLANG_WARN_OBJC_LITERAL_CONVERSION = YES;
				CLANG_WARN_OBJC_ROOT_CLASS = YES_ERROR;
				CLANG_WARN_RANGE_LOOP_ANALYSIS = YES;
				CLANG_WARN_STRICT_PROTOTYPES = YES;
				CLANG_WARN_SUSPICIOUS_MOVE = YES;
				CLANG_WARN_UNGUARDED_AVAILABILITY = YES_AGGRESSIVE;
				CLANG_WARN_UNREACHABLE_CODE = YES;
				CLANG_WARN__DUPLICATE_METHOD_MATCH = YES;
				COPY_PHASE_STRIP = NO;
				DEBUG_INFORMATION_FORMAT = dwarf;
				ENABLE_STRICT_OBJC_MSGSEND = YES;
				ENABLE_TESTABILITY = YES;
				GCC_C_LANGUAGE_STANDARD = gnu11;
				GCC_DYNAMIC_NO_PIC = NO;
				GCC_NO_COMMON_BLOCKS = YES;
				GCC_OPTIMIZATION_LEVEL = 0;
				GCC_PREPROCESSOR_DEFINITIONS = (
					"DEBUG=1",
					"$(inherited)",
				);
				GCC_WARN_64_TO_32_BIT_CONVERSION = YES;
				GCC_WARN_ABOUT_RETURN_TYPE = YES_ERROR;
				GCC_WARN_UNDECLARED_SELECTOR = YES;
				GCC_WARN_UNINITIALIZED_AUTOS = YES_AGGRESSIVE;
				GCC_WARN_UNUSED_FUNCTION = YES;
				GCC_WARN_UNUSED_VARIABLE = YES;
				IPHONEOS_DEPLOYMENT_TARGET = 13.4;
				MTL_ENABLE_DEBUG_INFO = INCLUDE_SOURCE;
				MTL_FAST_MATH = YES;
				ONLY_ACTIVE_ARCH = YES;
				SDKROOT = iphoneos;
				SWIFT_ACTIVE_COMPILATION_CONDITIONS = DEBUG;
				SWIFT_OPTIMIZATION_LEVEL = "-Onone";
			};
			name = Debug;
		};
		750BD8402431CB2E004769AF /* Release */ = {
			isa = XCBuildConfiguration;
			buildSettings = {
				ALWAYS_SEARCH_USER_PATHS = NO;
				CLANG_ANALYZER_NONNULL = YES;
				CLANG_ANALYZER_NUMBER_OBJECT_CONVERSION = YES_AGGRESSIVE;
				CLANG_CXX_LANGUAGE_STANDARD = "gnu++14";
				CLANG_CXX_LIBRARY = "libc++";
				CLANG_ENABLE_MODULES = YES;
				CLANG_ENABLE_OBJC_ARC = YES;
				CLANG_ENABLE_OBJC_WEAK = YES;
				CLANG_WARN_BLOCK_CAPTURE_AUTORELEASING = YES;
				CLANG_WARN_BOOL_CONVERSION = YES;
				CLANG_WARN_COMMA = YES;
				CLANG_WARN_CONSTANT_CONVERSION = YES;
				CLANG_WARN_DEPRECATED_OBJC_IMPLEMENTATIONS = YES;
				CLANG_WARN_DIRECT_OBJC_ISA_USAGE = YES_ERROR;
				CLANG_WARN_DOCUMENTATION_COMMENTS = YES;
				CLANG_WARN_EMPTY_BODY = YES;
				CLANG_WARN_ENUM_CONVERSION = YES;
				CLANG_WARN_INFINITE_RECURSION = YES;
				CLANG_WARN_INT_CONVERSION = YES;
				CLANG_WARN_NON_LITERAL_NULL_CONVERSION = YES;
				CLANG_WARN_OBJC_IMPLICIT_RETAIN_SELF = YES;
				CLANG_WARN_OBJC_LITERAL_CONVERSION = YES;
				CLANG_WARN_OBJC_ROOT_CLASS = YES_ERROR;
				CLANG_WARN_RANGE_LOOP_ANALYSIS = YES;
				CLANG_WARN_STRICT_PROTOTYPES = YES;
				CLANG_WARN_SUSPICIOUS_MOVE = YES;
				CLANG_WARN_UNGUARDED_AVAILABILITY = YES_AGGRESSIVE;
				CLANG_WARN_UNREACHABLE_CODE = YES;
				CLANG_WARN__DUPLICATE_METHOD_MATCH = YES;
				COPY_PHASE_STRIP = NO;
				DEBUG_INFORMATION_FORMAT = "dwarf-with-dsym";
				ENABLE_NS_ASSERTIONS = NO;
				ENABLE_STRICT_OBJC_MSGSEND = YES;
				GCC_C_LANGUAGE_STANDARD = gnu11;
				GCC_NO_COMMON_BLOCKS = YES;
				GCC_WARN_64_TO_32_BIT_CONVERSION = YES;
				GCC_WARN_ABOUT_RETURN_TYPE = YES_ERROR;
				GCC_WARN_UNDECLARED_SELECTOR = YES;
				GCC_WARN_UNINITIALIZED_AUTOS = YES_AGGRESSIVE;
				GCC_WARN_UNUSED_FUNCTION = YES;
				GCC_WARN_UNUSED_VARIABLE = YES;
				IPHONEOS_DEPLOYMENT_TARGET = 13.4;
				MTL_ENABLE_DEBUG_INFO = NO;
				MTL_FAST_MATH = YES;
				SDKROOT = iphoneos;
				SWIFT_COMPILATION_MODE = wholemodule;
				SWIFT_OPTIMIZATION_LEVEL = "-O";
				VALIDATE_PRODUCT = YES;
			};
			name = Release;
		};
		750BD8422431CB2E004769AF /* Debug */ = {
			isa = XCBuildConfiguration;
			buildSettings = {
				ASSETCATALOG_COMPILER_APPICON_NAME = AppIcon;
				CODE_SIGN_STYLE = Automatic;
				DEVELOPMENT_TEAM = 28S944C5QK;
				INFOPLIST_FILE = TestMonthYearPicker/Info.plist;
				LD_RUNPATH_SEARCH_PATHS = (
					"$(inherited)",
					"@executable_path/Frameworks",
				);
				PRODUCT_BUNDLE_IDENTIFIER = org.soka.TestMonthYearPicker;
				PRODUCT_NAME = "$(TARGET_NAME)";
				SWIFT_VERSION = 5.0;
				TARGETED_DEVICE_FAMILY = "1,2";
			};
			name = Debug;
		};
		750BD8432431CB2E004769AF /* Release */ = {
			isa = XCBuildConfiguration;
			buildSettings = {
				ASSETCATALOG_COMPILER_APPICON_NAME = AppIcon;
				CODE_SIGN_STYLE = Automatic;
				DEVELOPMENT_TEAM = 28S944C5QK;
				INFOPLIST_FILE = TestMonthYearPicker/Info.plist;
				LD_RUNPATH_SEARCH_PATHS = (
					"$(inherited)",
					"@executable_path/Frameworks",
				);
				PRODUCT_BUNDLE_IDENTIFIER = org.soka.TestMonthYearPicker;
				PRODUCT_NAME = "$(TARGET_NAME)";
				SWIFT_VERSION = 5.0;
				TARGETED_DEVICE_FAMILY = "1,2";
			};
			name = Release;
		};
/* End XCBuildConfiguration section */

/* Begin XCConfigurationList section */
		750BD8282431CB2A004769AF /* Build configuration list for PBXProject "TestMonthYearPicker" */ = {
			isa = XCConfigurationList;
			buildConfigurations = (
				750BD83F2431CB2E004769AF /* Debug */,
				750BD8402431CB2E004769AF /* Release */,
			);
			defaultConfigurationIsVisible = 0;
			defaultConfigurationName = Release;
		};
		750BD8412431CB2E004769AF /* Build configuration list for PBXNativeTarget "TestMonthYearPicker" */ = {
			isa = XCConfigurationList;
			buildConfigurations = (
				750BD8422431CB2E004769AF /* Debug */,
				750BD8432431CB2E004769AF /* Release */,
			);
			defaultConfigurationIsVisible = 0;
			defaultConfigurationName = Release;
		};
/* End XCConfigurationList section */
	};
	rootObject = 750BD8252431CB2A004769AF /* Project object */;
}
